dependencies:
  espp/base_component:
    component_hash: 695b1a9985af8b7ce74f0750b46e67d82fb7e5e847bcb6f82c29c7ca52b2e297
    dependencies:
    - name: espp/logger
      registry_url: https://components.espressif.com
      require: private
      version: '>=1.0'
    - name: idf
      require: private
      version: '>=5.0'
    source:
      registry_url: https://components.espressif.com
      type: service
    version: 1.0.34
  espp/format:
    component_hash: 0bcf9e24c5748d8de5c5368941baed281b4951f68a84f1f20a178535c4e2da4b
    dependencies:
    - name: idf
      require: private
      version: '>=5.0'
    source:
      registry_url: https://components.espressif.com
      type: service
    version: 1.0.34
  espp/logger:
    component_hash: 5ce7b81bbc402def13d580d9a9763b142118dd466903a3895d6dbcb1aa1cfb91
    dependencies:
    - name: espp/format
      registry_url: https://components.espressif.com
      require: private
      version: '>=1.0'
    - name: idf
      require: private
      version: '>=5.0'
    source:
      registry_url: https://components.espressif.com
      type: service
    version: 1.0.34
  espp/rtsp:
    component_hash: 00280e0d97f15f2fde04f13ad0d04a4573c786aed6b56df710ebaf6f3d318e01
    dependencies:
    - name: espp/base_component
      registry_url: https://components.espressif.com
      require: private
      version: '>=1.0'
    - name: espp/socket
      registry_url: https://components.espressif.com
      require: private
      version: '>=1.0'
    - name: espp/task
      registry_url: https://components.espressif.com
      require: private
      version: '>=1.0'
    - name: idf
      require: private
      version: '>=5.0'
    source:
      registry_url: https://components.espressif.com/
      type: service
    version: 1.0.34
  espp/socket:
    component_hash: ae0a26e902472a82ca4755dd8c19879f18fe4e74a61ff6bb7013651e59e45080
    dependencies:
    - name: espp/base_component
      registry_url: https://components.espressif.com
      require: private
      version: '>=1.0'
    - name: espp/task
      registry_url: https://components.espressif.com
      require: private
      version: '>=1.0'
    - name: idf
      require: private
      version: '>=5.0'
    source:
      registry_url: https://components.espressif.com
      type: service
    version: 1.0.34
  espp/task:
    component_hash: dbc4f984fd75947bb6578a24ad865dc2eb4a31b0e234be13899d09595a64c0cb
    dependencies:
    - name: espp/base_component
      registry_url: https://components.espressif.com
      require: private
      version: '>=1.0'
    - name: idf
      require: private
      version: '>=5.0'
    source:
      registry_url: https://components.espressif.com
      type: service
    version: 1.0.34
  espressif/esp32-camera:
    component_hash: f0a608b109935a5389221eee5090ec61f51b0df1a0749531fe59d33aaf263233
    dependencies:
    - name: espressif/esp_jpeg
      registry_url: https://components.espressif.com
      require: public
      version: ^1.3.1
    - name: idf
      require: private
      version: '>=5.1'
    source:
      registry_url: https://components.espressif.com/
      type: service
    version: 2.1.4
  espressif/esp_jpeg:
    component_hash: defb83669293cbf86d0fa86b475ba5517aceed04ed70db435388c151ab37b5d7
    dependencies:
    - name: idf
      require: private
      version: '>=5.0'
    source:
      registry_url: https://components.espressif.com
      type: service
    version: 1.3.1
  idf:
    source:
      type: idf
    version: 5.5.2
direct_dependencies:
- espp/rtsp
- espressif/esp32-camera
- idf
manifest_hash: 99b3f03230e01c3c79a3cc7cfe4d1fca7a3fde8bacfbe5fddd8de6a7c11fb4ee
target: esp32s3
version: 2.0.0
